{
  "version": 3,
  "targets": {
    "net10.0/win-x64": {
      "csharp-ls/0.21.0": {
        "type": "package",
        "tools": {
          "tools/net10.0/any/Argu.dll": {},
          "tools/net10.0/any/BuildHost-net472/Microsoft.Build.Locator.dll": {},
          "tools/net10.0/any/BuildHost-net472/Microsoft.CodeAnalysis.Workspaces.MSBuild.BuildHost.exe": {},
          "tools/net10.0/any/BuildHost-net472/Microsoft.CodeAnalysis.Workspaces.MSBuild.BuildHost.exe.config": {},
          "tools/net10.0/any/BuildHost-net472/Microsoft.IO.Redist.dll": {},
          "tools/net10.0/any/BuildHost-net472/Newtonsoft.Json.dll": {},
          "tools/net10.0/any/BuildHost-net472/System.Buffers.dll": {},
          "tools/net10.0/any/BuildHost-net472/System.Collections.Immutable.dll": {},
          "tools/net10.0/any/BuildHost-net472/System.CommandLine.dll": {},
          "tools/net10.0/any/BuildHost-net472/System.Memory.dll": {},
          "tools/net10.0/any/BuildHost-net472/System.Numerics.Vectors.dll": {},
          "tools/net10.0/any/BuildHost-net472/System.Runtime.CompilerServices.Unsafe.dll": {},
          "tools/net10.0/any/BuildHost-net472/System.Threading.Tasks.Extensions.dll": {},
          "tools/net10.0/any/BuildHost-net472/cs/System.CommandLine.resources.dll": {},
          "tools/net10.0/any/BuildHost-net472/de/System.CommandLine.resources.dll": {},
          "tools/net10.0/any/BuildHost-net472/es/System.CommandLine.resources.dll": {},
          "tools/net10.0/any/BuildHost-net472/fr/System.CommandLine.resources.dll": {},
          "tools/net10.0/any/BuildHost-net472/it/System.CommandLine.resources.dll": {},
          "tools/net10.0/any/BuildHost-net472/ja/System.CommandLine.resources.dll": {},
          "tools/net10.0/any/BuildHost-net472/ko/System.CommandLine.resources.dll": {},
          "tools/net10.0/any/BuildHost-net472/pl/System.CommandLine.resources.dll": {},
          "tools/net10.0/any/BuildHost-net472/pt-BR/System.CommandLine.resources.dll": {},
          "tools/net10.0/any/BuildHost-net472/ru/System.CommandLine.resources.dll": {},
          "tools/net10.0/any/BuildHost-net472/tr/System.CommandLine.resources.dll": {},
          "tools/net10.0/any/BuildHost-net472/zh-Hans/System.CommandLine.resources.dll": {},
          "tools/net10.0/any/BuildHost-net472/zh-Hant/System.CommandLine.resources.dll": {},
          "tools/net10.0/any/BuildHost-netcore/Microsoft.Build.Locator.dll": {},
          "tools/net10.0/any/BuildHost-netcore/Microsoft.CodeAnalysis.Workspaces.MSBuild.BuildHost.deps.json": {},
          "tools/net10.0/any/BuildHost-netcore/Microsoft.CodeAnalysis.Workspaces.MSBuild.BuildHost.dll": {},
          "tools/net10.0/any/BuildHost-netcore/Microsoft.CodeAnalysis.Workspaces.MSBuild.BuildHost.runtimeconfig.json": {},
          "tools/net10.0/any/BuildHost-netcore/Newtonsoft.Json.dll": {},
          "tools/net10.0/any/BuildHost-netcore/System.Collections.Immutable.dll": {},
          "tools/net10.0/any/BuildHost-netcore/System.CommandLine.dll": {},
          "tools/net10.0/any/BuildHost-netcore/cs/System.CommandLine.resources.dll": {},
          "tools/net10.0/any/BuildHost-netcore/de/System.CommandLine.resources.dll": {},
          "tools/net10.0/any/BuildHost-netcore/es/System.CommandLine.resources.dll": {},
          "tools/net10.0/any/BuildHost-netcore/fr/System.CommandLine.resources.dll": {},
          "tools/net10.0/any/BuildHost-netcore/it/System.CommandLine.resources.dll": {},
          "tools/net10.0/any/BuildHost-netcore/ja/System.CommandLine.resources.dll": {},
          "tools/net10.0/any/BuildHost-netcore/ko/System.CommandLine.resources.dll": {},
          "tools/net10.0/any/BuildHost-netcore/pl/System.CommandLine.resources.dll": {},
          "tools/net10.0/any/BuildHost-netcore/pt-BR/System.CommandLine.resources.dll": {},
          "tools/net10.0/any/BuildHost-netcore/ru/System.CommandLine.resources.dll": {},
          "tools/net10.0/any/BuildHost-netcore/tr/System.CommandLine.resources.dll": {},
          "tools/net10.0/any/BuildHost-netcore/zh-Hans/System.CommandLine.resources.dll": {},
          "tools/net10.0/any/BuildHost-netcore/zh-Hant/System.CommandLine.resources.dll": {},
          "tools/net10.0/any/CSharpLanguageServer.deps.json": {},
          "tools/net10.0/any/CSharpLanguageServer.dll": {},
          "tools/net10.0/any/CSharpLanguageServer.dll.config": {},
          "tools/net10.0/any/CSharpLanguageServer.runtimeconfig.json": {},
          "tools/net10.0/any/Castle.Core.dll": {},
          "tools/net10.0/any/DotnetToolSettings.xml": {},
          "tools/net10.0/any/FSharp.Control.AsyncSeq.dll": {},
          "tools/net10.0/any/FSharp.Core.dll": {},
          "tools/net10.0/any/Humanizer.dll": {},
          "tools/net10.0/any/ICSharpCode.Decompiler.dll": {},
          "tools/net10.0/any/Ionide.LanguageServerProtocol.dll": {},
          "tools/net10.0/any/MessagePack.Annotations.dll": {},
          "tools/net10.0/any/MessagePack.dll": {},
          "tools/net10.0/any/Microsoft.Bcl.AsyncInterfaces.dll": {},
          "tools/net10.0/any/Microsoft.Build.Locator.dll": {},
          "tools/net10.0/any/Microsoft.CodeAnalysis.CSharp.Features.dll": {},
          "tools/net10.0/any/Microsoft.CodeAnalysis.CSharp.Workspaces.dll": {},
          "tools/net10.0/any/Microsoft.CodeAnalysis.CSharp.dll": {},
          "tools/net10.0/any/Microsoft.CodeAnalysis.Elfie.dll": {},
          "tools/net10.0/any/Microsoft.CodeAnalysis.ExternalAccess.RazorCompiler.dll": {},
          "tools/net10.0/any/Microsoft.CodeAnalysis.Features.dll": {},
          "tools/net10.0/any/Microsoft.CodeAnalysis.Scripting.dll": {},
          "tools/net10.0/any/Microsoft.CodeAnalysis.VisualBasic.Workspaces.dll": {},
          "tools/net10.0/any/Microsoft.CodeAnalysis.VisualBasic.dll": {},
          "tools/net10.0/any/Microsoft.CodeAnalysis.Workspaces.MSBuild.dll": {},
          "tools/net10.0/any/Microsoft.CodeAnalysis.Workspaces.dll": {},
          "tools/net10.0/any/Microsoft.CodeAnalysis.dll": {},
          "tools/net10.0/any/Microsoft.DiaSymReader.dll": {},
          "tools/net10.0/any/Microsoft.Extensions.Caching.Abstractions.dll": {},
          "tools/net10.0/any/Microsoft.Extensions.Caching.Memory.dll": {},
          "tools/net10.0/any/Microsoft.Extensions.Configuration.Abstractions.dll": {},
          "tools/net10.0/any/Microsoft.Extensions.Configuration.Binder.dll": {},
          "tools/net10.0/any/Microsoft.Extensions.Configuration.dll": {},
          "tools/net10.0/any/Microsoft.Extensions.DependencyInjection.Abstractions.dll": {},
          "tools/net10.0/any/Microsoft.Extensions.DependencyInjection.dll": {},
          "tools/net10.0/any/Microsoft.Extensions.Logging.Abstractions.dll": {},
          "tools/net10.0/any/Microsoft.Extensions.Logging.Configuration.dll": {},
          "tools/net10.0/any/Microsoft.Extensions.Logging.Console.dll": {},
          "tools/net10.0/any/Microsoft.Extensions.Logging.dll": {},
          "tools/net10.0/any/Microsoft.Extensions.Options.ConfigurationExtensions.dll": {},
          "tools/net10.0/any/Microsoft.Extensions.Options.dll": {},
          "tools/net10.0/any/Microsoft.Extensions.Primitives.dll": {},
          "tools/net10.0/any/Microsoft.NET.StringTools.dll": {},
          "tools/net10.0/any/Microsoft.VisualStudio.SolutionPersistence.dll": {},
          "tools/net10.0/any/Microsoft.VisualStudio.Threading.dll": {},
          "tools/net10.0/any/Microsoft.VisualStudio.Validation.dll": {},
          "tools/net10.0/any/Nerdbank.Streams.dll": {},
          "tools/net10.0/any/Newtonsoft.Json.dll": {},
          "tools/net10.0/any/NuGet.Frameworks.dll": {},
          "tools/net10.0/any/StreamJsonRpc.dll": {},
          "tools/net10.0/any/System.Composition.AttributedModel.dll": {},
          "tools/net10.0/any/System.Composition.Convention.dll": {},
          "tools/net10.0/any/System.Composition.Hosting.dll": {},
          "tools/net10.0/any/System.Composition.Runtime.dll": {},
          "tools/net10.0/any/System.Composition.TypedParts.dll": {},
          "tools/net10.0/any/System.Configuration.ConfigurationManager.dll": {},
          "tools/net10.0/any/System.Diagnostics.EventLog.dll": {},
          "tools/net10.0/any/System.Security.Cryptography.ProtectedData.dll": {},
          "tools/net10.0/any/cs/FSharp.Core.resources.dll": {},
          "tools/net10.0/any/cs/Microsoft.CodeAnalysis.CSharp.Features.resources.dll": {},
          "tools/net10.0/any/cs/Microsoft.CodeAnalysis.CSharp.Workspaces.resources.dll": {},
          "tools/net10.0/any/cs/Microsoft.CodeAnalysis.CSharp.resources.dll": {},
          "tools/net10.0/any/cs/Microsoft.CodeAnalysis.Features.resources.dll": {},
          "tools/net10.0/any/cs/Microsoft.CodeAnalysis.Scripting.resources.dll": {},
          "tools/net10.0/any/cs/Microsoft.CodeAnalysis.VisualBasic.Workspaces.resources.dll": {},
          "tools/net10.0/any/cs/Microsoft.CodeAnalysis.VisualBasic.resources.dll": {},
          "tools/net10.0/any/cs/Microsoft.CodeAnalysis.Workspaces.MSBuild.resources.dll": {},
          "tools/net10.0/any/cs/Microsoft.CodeAnalysis.Workspaces.resources.dll": {},
          "tools/net10.0/any/cs/Microsoft.CodeAnalysis.resources.dll": {},
          "tools/net10.0/any/cs/Microsoft.VisualStudio.Threading.resources.dll": {},
          "tools/net10.0/any/cs/Microsoft.VisualStudio.Validation.resources.dll": {},
          "tools/net10.0/any/cs/StreamJsonRpc.resources.dll": {},
          "tools/net10.0/any/de/FSharp.Core.resources.dll": {},
          "tools/net10.0/any/de/Microsoft.CodeAnalysis.CSharp.Features.resources.dll": {},
          "tools/net10.0/any/de/Microsoft.CodeAnalysis.CSharp.Workspaces.resources.dll": {},
          "tools/net10.0/any/de/Microsoft.CodeAnalysis.CSharp.resources.dll": {},
          "tools/net10.0/any/de/Microsoft.CodeAnalysis.Features.resources.dll": {},
          "tools/net10.0/any/de/Microsoft.CodeAnalysis.Scripting.resources.dll": {},
          "tools/net10.0/any/de/Microsoft.CodeAnalysis.VisualBasic.Workspaces.resources.dll": {},
          "tools/net10.0/any/de/Microsoft.CodeAnalysis.VisualBasic.resources.dll": {},
          "tools/net10.0/any/de/Microsoft.CodeAnalysis.Workspaces.MSBuild.resources.dll": {},
          "tools/net10.0/any/de/Microsoft.CodeAnalysis.Workspaces.resources.dll": {},
          "tools/net10.0/any/de/Microsoft.CodeAnalysis.resources.dll": {},
          "tools/net10.0/any/de/Microsoft.VisualStudio.Threading.resources.dll": {},
          "tools/net10.0/any/de/Microsoft.VisualStudio.Validation.resources.dll": {},
          "tools/net10.0/any/de/StreamJsonRpc.resources.dll": {},
          "tools/net10.0/any/es/FSharp.Core.resources.dll": {},
          "tools/net10.0/any/es/Microsoft.CodeAnalysis.CSharp.Features.resources.dll": {},
          "tools/net10.0/any/es/Microsoft.CodeAnalysis.CSharp.Workspaces.resources.dll": {},
          "tools/net10.0/any/es/Microsoft.CodeAnalysis.CSharp.resources.dll": {},
          "tools/net10.0/any/es/Microsoft.CodeAnalysis.Features.resources.dll": {},
          "tools/net10.0/any/es/Microsoft.CodeAnalysis.Scripting.resources.dll": {},
          "tools/net10.0/any/es/Microsoft.CodeAnalysis.VisualBasic.Workspaces.resources.dll": {},
          "tools/net10.0/any/es/Microsoft.CodeAnalysis.VisualBasic.resources.dll": {},
          "tools/net10.0/any/es/Microsoft.CodeAnalysis.Workspaces.MSBuild.resources.dll": {},
          "tools/net10.0/any/es/Microsoft.CodeAnalysis.Workspaces.resources.dll": {},
          "tools/net10.0/any/es/Microsoft.CodeAnalysis.resources.dll": {},
          "tools/net10.0/any/es/Microsoft.VisualStudio.Threading.resources.dll": {},
          "tools/net10.0/any/es/Microsoft.VisualStudio.Validation.resources.dll": {},
          "tools/net10.0/any/es/StreamJsonRpc.resources.dll": {},
          "tools/net10.0/any/fr/FSharp.Core.resources.dll": {},
          "tools/net10.0/any/fr/Microsoft.CodeAnalysis.CSharp.Features.resources.dll": {},
          "tools/net10.0/any/fr/Microsoft.CodeAnalysis.CSharp.Workspaces.resources.dll": {},
          "tools/net10.0/any/fr/Microsoft.CodeAnalysis.CSharp.resources.dll": {},
          "tools/net10.0/any/fr/Microsoft.CodeAnalysis.Features.resources.dll": {},
          "tools/net10.0/any/fr/Microsoft.CodeAnalysis.Scripting.resources.dll": {},
          "tools/net10.0/any/fr/Microsoft.CodeAnalysis.VisualBasic.Workspaces.resources.dll": {},
          "tools/net10.0/any/fr/Microsoft.CodeAnalysis.VisualBasic.resources.dll": {},
          "tools/net10.0/any/fr/Microsoft.CodeAnalysis.Workspaces.MSBuild.resources.dll": {},
          "tools/net10.0/any/fr/Microsoft.CodeAnalysis.Workspaces.resources.dll": {},
          "tools/net10.0/any/fr/Microsoft.CodeAnalysis.resources.dll": {},
          "tools/net10.0/any/fr/Microsoft.VisualStudio.Threading.resources.dll": {},
          "tools/net10.0/any/fr/Microsoft.VisualStudio.Validation.resources.dll": {},
          "tools/net10.0/any/fr/StreamJsonRpc.resources.dll": {},
          "tools/net10.0/any/it/FSharp.Core.resources.dll": {},
          "tools/net10.0/any/it/Microsoft.CodeAnalysis.CSharp.Features.resources.dll": {},
          "tools/net10.0/any/it/Microsoft.CodeAnalysis.CSharp.Workspaces.resources.dll": {},
          "tools/net10.0/any/it/Microsoft.CodeAnalysis.CSharp.resources.dll": {},
          "tools/net10.0/any/it/Microsoft.CodeAnalysis.Features.resources.dll": {},
          "tools/net10.0/any/it/Microsoft.CodeAnalysis.Scripting.resources.dll": {},
          "tools/net10.0/any/it/Microsoft.CodeAnalysis.VisualBasic.Workspaces.resources.dll": {},
          "tools/net10.0/any/it/Microsoft.CodeAnalysis.VisualBasic.resources.dll": {},
          "tools/net10.0/any/it/Microsoft.CodeAnalysis.Workspaces.MSBuild.resources.dll": {},
          "tools/net10.0/any/it/Microsoft.CodeAnalysis.Workspaces.resources.dll": {},
          "tools/net10.0/any/it/Microsoft.CodeAnalysis.resources.dll": {},
          "tools/net10.0/any/it/Microsoft.VisualStudio.Threading.resources.dll": {},
          "tools/net10.0/any/it/Microsoft.VisualStudio.Validation.resources.dll": {},
          "tools/net10.0/any/it/StreamJsonRpc.resources.dll": {},
          "tools/net10.0/any/ja/FSharp.Core.resources.dll": {},
          "tools/net10.0/any/ja/Microsoft.CodeAnalysis.CSharp.Features.resources.dll": {},
          "tools/net10.0/any/ja/Microsoft.CodeAnalysis.CSharp.Workspaces.resources.dll": {},
          "tools/net10.0/any/ja/Microsoft.CodeAnalysis.CSharp.resources.dll": {},
          "tools/net10.0/any/ja/Microsoft.CodeAnalysis.Features.resources.dll": {},
          "tools/net10.0/any/ja/Microsoft.CodeAnalysis.Scripting.resources.dll": {},
          "tools/net10.0/any/ja/Microsoft.CodeAnalysis.VisualBasic.Workspaces.resources.dll": {},
          "tools/net10.0/any/ja/Microsoft.CodeAnalysis.VisualBasic.resources.dll": {},
          "tools/net10.0/any/ja/Microsoft.CodeAnalysis.Workspaces.MSBuild.resources.dll": {},
          "tools/net10.0/any/ja/Microsoft.CodeAnalysis.Workspaces.resources.dll": {},
          "tools/net10.0/any/ja/Microsoft.CodeAnalysis.resources.dll": {},
          "tools/net10.0/any/ja/Microsoft.VisualStudio.Threading.resources.dll": {},
          "tools/net10.0/any/ja/Microsoft.VisualStudio.Validation.resources.dll": {},
          "tools/net10.0/any/ja/StreamJsonRpc.resources.dll": {},
          "tools/net10.0/any/ko/FSharp.Core.resources.dll": {},
          "tools/net10.0/any/ko/Microsoft.CodeAnalysis.CSharp.Features.resources.dll": {},
          "tools/net10.0/any/ko/Microsoft.CodeAnalysis.CSharp.Workspaces.resources.dll": {},
          "tools/net10.0/any/ko/Microsoft.CodeAnalysis.CSharp.resources.dll": {},
          "tools/net10.0/any/ko/Microsoft.CodeAnalysis.Features.resources.dll": {},
          "tools/net10.0/any/ko/Microsoft.CodeAnalysis.Scripting.resources.dll": {},
          "tools/net10.0/any/ko/Microsoft.CodeAnalysis.VisualBasic.Workspaces.resources.dll": {},
          "tools/net10.0/any/ko/Microsoft.CodeAnalysis.VisualBasic.resources.dll": {},
          "tools/net10.0/any/ko/Microsoft.CodeAnalysis.Workspaces.MSBuild.resources.dll": {},
          "tools/net10.0/any/ko/Microsoft.CodeAnalysis.Workspaces.resources.dll": {},
          "tools/net10.0/any/ko/Microsoft.CodeAnalysis.resources.dll": {},
          "tools/net10.0/any/ko/Microsoft.VisualStudio.Threading.resources.dll": {},
          "tools/net10.0/any/ko/Microsoft.VisualStudio.Validation.resources.dll": {},
          "tools/net10.0/any/ko/StreamJsonRpc.resources.dll": {},
          "tools/net10.0/any/pl/FSharp.Core.resources.dll": {},
          "tools/net10.0/any/pl/Microsoft.CodeAnalysis.CSharp.Features.resources.dll": {},
          "tools/net10.0/any/pl/Microsoft.CodeAnalysis.CSharp.Workspaces.resources.dll": {},
          "tools/net10.0/any/pl/Microsoft.CodeAnalysis.CSharp.resources.dll": {},
          "tools/net10.0/any/pl/Microsoft.CodeAnalysis.Features.resources.dll": {},
          "tools/net10.0/any/pl/Microsoft.CodeAnalysis.Scripting.resources.dll": {},
          "tools/net10.0/any/pl/Microsoft.CodeAnalysis.VisualBasic.Workspaces.resources.dll": {},
          "tools/net10.0/any/pl/Microsoft.CodeAnalysis.VisualBasic.resources.dll": {},
          "tools/net10.0/any/pl/Microsoft.CodeAnalysis.Workspaces.MSBuild.resources.dll": {},
          "tools/net10.0/any/pl/Microsoft.CodeAnalysis.Workspaces.resources.dll": {},
          "tools/net10.0/any/pl/Microsoft.CodeAnalysis.resources.dll": {},
          "tools/net10.0/any/pl/Microsoft.VisualStudio.Threading.resources.dll": {},
          "tools/net10.0/any/pl/Microsoft.VisualStudio.Validation.resources.dll": {},
          "tools/net10.0/any/pl/StreamJsonRpc.resources.dll": {},
          "tools/net10.0/any/pt-BR/FSharp.Core.resources.dll": {},
          "tools/net10.0/any/pt-BR/Microsoft.CodeAnalysis.CSharp.Features.resources.dll": {},
          "tools/net10.0/any/pt-BR/Microsoft.CodeAnalysis.CSharp.Workspaces.resources.dll": {},
          "tools/net10.0/any/pt-BR/Microsoft.CodeAnalysis.CSharp.resources.dll": {},
          "tools/net10.0/any/pt-BR/Microsoft.CodeAnalysis.Features.resources.dll": {},
          "tools/net10.0/any/pt-BR/Microsoft.CodeAnalysis.Scripting.resources.dll": {},
          "tools/net10.0/any/pt-BR/Microsoft.CodeAnalysis.VisualBasic.Workspaces.resources.dll": {},
          "tools/net10.0/any/pt-BR/Microsoft.CodeAnalysis.VisualBasic.resources.dll": {},
          "tools/net10.0/any/pt-BR/Microsoft.CodeAnalysis.Workspaces.MSBuild.resources.dll": {},
          "tools/net10.0/any/pt-BR/Microsoft.CodeAnalysis.Workspaces.resources.dll": {},
          "tools/net10.0/any/pt-BR/Microsoft.CodeAnalysis.resources.dll": {},
          "tools/net10.0/any/pt-BR/Microsoft.VisualStudio.Threading.resources.dll": {},
          "tools/net10.0/any/pt-BR/Microsoft.VisualStudio.Validation.resources.dll": {},
          "tools/net10.0/any/pt-BR/StreamJsonRpc.resources.dll": {},
          "tools/net10.0/any/ru/FSharp.Core.resources.dll": {},
          "tools/net10.0/any/ru/Microsoft.CodeAnalysis.CSharp.Features.resources.dll": {},
          "tools/net10.0/any/ru/Microsoft.CodeAnalysis.CSharp.Workspaces.resources.dll": {},
          "tools/net10.0/any/ru/Microsoft.CodeAnalysis.CSharp.resources.dll": {},
          "tools/net10.0/any/ru/Microsoft.CodeAnalysis.Features.resources.dll": {},
          "tools/net10.0/any/ru/Microsoft.CodeAnalysis.Scripting.resources.dll": {},
          "tools/net10.0/any/ru/Microsoft.CodeAnalysis.VisualBasic.Workspaces.resources.dll": {},
          "tools/net10.0/any/ru/Microsoft.CodeAnalysis.VisualBasic.resources.dll": {},
          "tools/net10.0/any/ru/Microsoft.CodeAnalysis.Workspaces.MSBuild.resources.dll": {},
          "tools/net10.0/any/ru/Microsoft.CodeAnalysis.Workspaces.resources.dll": {},
          "tools/net10.0/any/ru/Microsoft.CodeAnalysis.resources.dll": {},
          "tools/net10.0/any/ru/Microsoft.VisualStudio.Threading.resources.dll": {},
          "tools/net10.0/any/ru/Microsoft.VisualStudio.Validation.resources.dll": {},
          "tools/net10.0/any/ru/StreamJsonRpc.resources.dll": {},
          "tools/net10.0/any/runtimes/win/lib/net9.0/System.Diagnostics.EventLog.Messages.dll": {},
          "tools/net10.0/any/runtimes/win/lib/net9.0/System.Diagnostics.EventLog.dll": {},
          "tools/net10.0/any/tr/FSharp.Core.resources.dll": {},
          "tools/net10.0/any/tr/Microsoft.CodeAnalysis.CSharp.Features.resources.dll": {},
          "tools/net10.0/any/tr/Microsoft.CodeAnalysis.CSharp.Workspaces.resources.dll": {},
          "tools/net10.0/any/tr/Microsoft.CodeAnalysis.CSharp.resources.dll": {},
          "tools/net10.0/any/tr/Microsoft.CodeAnalysis.Features.resources.dll": {},
          "tools/net10.0/any/tr/Microsoft.CodeAnalysis.Scripting.resources.dll": {},
          "tools/net10.0/any/tr/Microsoft.CodeAnalysis.VisualBasic.Workspaces.resources.dll": {},
          "tools/net10.0/any/tr/Microsoft.CodeAnalysis.VisualBasic.resources.dll": {},
          "tools/net10.0/any/tr/Microsoft.CodeAnalysis.Workspaces.MSBuild.resources.dll": {},
          "tools/net10.0/any/tr/Microsoft.CodeAnalysis.Workspaces.resources.dll": {},
          "tools/net10.0/any/tr/Microsoft.CodeAnalysis.resources.dll": {},
          "tools/net10.0/any/tr/Microsoft.VisualStudio.Threading.resources.dll": {},
          "tools/net10.0/any/tr/Microsoft.VisualStudio.Validation.resources.dll": {},
          "tools/net10.0/any/tr/StreamJsonRpc.resources.dll": {},
          "tools/net10.0/any/zh-Hans/FSharp.Core.resources.dll": {},
          "tools/net10.0/any/zh-Hans/Microsoft.CodeAnalysis.CSharp.Features.resources.dll": {},
          "tools/net10.0/any/zh-Hans/Microsoft.CodeAnalysis.CSharp.Workspaces.resources.dll": {},
          "tools/net10.0/any/zh-Hans/Microsoft.CodeAnalysis.CSharp.resources.dll": {},
          "tools/net10.0/any/zh-Hans/Microsoft.CodeAnalysis.Features.resources.dll": {},
          "tools/net10.0/any/zh-Hans/Microsoft.CodeAnalysis.Scripting.resources.dll": {},
          "tools/net10.0/any/zh-Hans/Microsoft.CodeAnalysis.VisualBasic.Workspaces.resources.dll": {},
          "tools/net10.0/any/zh-Hans/Microsoft.CodeAnalysis.VisualBasic.resources.dll": {},
          "tools/net10.0/any/zh-Hans/Microsoft.CodeAnalysis.Workspaces.MSBuild.resources.dll": {},
          "tools/net10.0/any/zh-Hans/Microsoft.CodeAnalysis.Workspaces.resources.dll": {},
          "tools/net10.0/any/zh-Hans/Microsoft.CodeAnalysis.resources.dll": {},
          "tools/net10.0/any/zh-Hans/Microsoft.VisualStudio.Threading.resources.dll": {},
          "tools/net10.0/any/zh-Hans/Microsoft.VisualStudio.Validation.resources.dll": {},
          "tools/net10.0/any/zh-Hans/StreamJsonRpc.resources.dll": {},
          "tools/net10.0/any/zh-Hant/FSharp.Core.resources.dll": {},
          "tools/net10.0/any/zh-Hant/Microsoft.CodeAnalysis.CSharp.Features.resources.dll": {},
          "tools/net10.0/any/zh-Hant/Microsoft.CodeAnalysis.CSharp.Workspaces.resources.dll": {},
          "tools/net10.0/any/zh-Hant/Microsoft.CodeAnalysis.CSharp.resources.dll": {},
          "tools/net10.0/any/zh-Hant/Microsoft.CodeAnalysis.Features.resources.dll": {},
          "tools/net10.0/any/zh-Hant/Microsoft.CodeAnalysis.Scripting.resources.dll": {},
          "tools/net10.0/any/zh-Hant/Microsoft.CodeAnalysis.VisualBasic.Workspaces.resources.dll": {},
          "tools/net10.0/any/zh-Hant/Microsoft.CodeAnalysis.VisualBasic.resources.dll": {},
          "tools/net10.0/any/zh-Hant/Microsoft.CodeAnalysis.Workspaces.MSBuild.resources.dll": {},
          "tools/net10.0/any/zh-Hant/Microsoft.CodeAnalysis.Workspaces.resources.dll": {},
          "tools/net10.0/any/zh-Hant/Microsoft.CodeAnalysis.resources.dll": {},
          "tools/net10.0/any/zh-Hant/Microsoft.VisualStudio.Threading.resources.dll": {},
          "tools/net10.0/any/zh-Hant/Microsoft.VisualStudio.Validation.resources.dll": {},
          "tools/net10.0/any/zh-Hant/StreamJsonRpc.resources.dll": {}
        }
      }
    }
  },
  "libraries": {},
  "projectFileDependencyGroups": {}
}